{
  "name": "Project-1",
  "lockfileVersion": 3,
  "requires": true,
  "packages": {
    "": {
      "dependencies": {
        "typeface-poppins": "^1.1.13"
      }
    },
    "node_modules/typeface-poppins": {
      "version": "1.1.13",
      "resolved": "https://registry.npmjs.org/typeface-poppins/-/typeface-poppins-1.1.13.tgz",
      "integrity": "sha512-VLNaET8kK7M3gPGjtKhr4/Iw6aseM2FLdiEGevlqXWD9b8QlzqZC4ro7sP78L9HJnOo2SUVvwJUeCn82gBcNqw=="
    }
  }
}
